
Microsoft Visual Studio Solution File, Format Version 12.00
# Visual Studio Version 17
VisualStudioVersion = 17.2.32616.157
MinimumVisualStudioVersion = 10.0.40219.1
Project("{FAE04EC0-301F-11D3-BF4B-00C04F79EFBC}") = "Mario2", "Mario2\Mario2.csproj", "{0BC3F1F2-50A7-4342-81E8-A0E8F0F042A9}"
EndProject
Global
	GlobalSection(SolutionConfigurationPlatforms) = preSolution
		Debug|Any CPU = Debug|Any CPU
		Release|Any CPU = Release|Any CPU
	EndGlobalSection
	GlobalSection(ProjectConfigurationPlatforms) = postSolution
		{0BC3F1F2-50A7-4342-81E8-A0E8F0F042A9}.Debug|Any CPU.ActiveCfg = Debug|Any CPU
		{0BC3F1F2-50A7-4342-81E8-A0E8F0F042A9}.Debug|Any CPU.Build.0 = Debug|Any CPU
		{0BC3F1F2-50A7-4342-81E8-A0E8F0F042A9}.Release|Any CPU.ActiveCfg = Release|Any CPU
		{0BC3F1F2-50A7-4342-81E8-A0E8F0F042A9}.Release|Any CPU.Build.0 = Release|Any CPU
	EndGlobalSection
	GlobalSection(SolutionProperties) = preSolution
		HideSolutionNode = FALSE
	EndGlobalSection
	GlobalSection(ExtensibilityGlobals) = postSolution
		SolutionGuid = {4CC115AC-9B8D-49DD-AA8F-282338CC7F5D}
	EndGlobalSection
EndGlobal
